
Microsoft Visual Studio Solution File, Format Version 12.00
# Visual Studio Version 17
VisualStudioVersion = 17.5.33530.505
MinimumVisualStudioVersion = 10.0.40219.1
Project("{FAE04EC0-301F-11D3-BF4B-00C04F79EFBC}") = "app", "app\app.csproj", "{B09E03EA-16E6-419A-AB24-470BB2C736AF}"
EndProject
Global
	GlobalSection(SolutionConfigurationPlatforms) = preSolution
		Debug|Any CPU = Debug|Any CPU
		Release|Any CPU = Release|Any CPU
	EndGlobalSection
	GlobalSection(ProjectConfigurationPlatforms) = postSolution
		{B09E03EA-16E6-419A-AB24-470BB2C736AF}.Debug|Any CPU.ActiveCfg = Debug|Any CPU
		{B09E03EA-16E6-419A-AB24-470BB2C736AF}.Debug|Any CPU.Build.0 = Debug|Any CPU
		{B09E03EA-16E6-419A-AB24-470BB2C736AF}.Release|Any CPU.ActiveCfg = Release|Any CPU
		{B09E03EA-16E6-419A-AB24-470BB2C736AF}.Release|Any CPU.Build.0 = Release|Any CPU
	EndGlobalSection
	GlobalSection(SolutionProperties) = preSolution
		HideSolutionNode = FALSE
	EndGlobalSection
	GlobalSection(ExtensibilityGlobals) = postSolution
		SolutionGuid = {45D6F14E-1079-477C-BF60-EB014FE11A8B}
	EndGlobalSection
EndGlobal
